
Microsoft Visual Studio Solution File, Format Version 12.00
# Visual Studio 14
VisualStudioVersion = 14.0.25420.1
MinimumVisualStudioVersion = 10.0.40219.1
Project("{FAE04EC0-301F-11D3-BF4B-00C04F79EFBC}") = "Unity3DVisionInjector", "Unity3DVisionInjector\Unity3DVisionInjector.csproj", "{D63D720D-7350-4A5C-8C2E-527754017232}"
EndProject
Project("{8BC9CEB8-8B4A-11D0-8D11-00A0C91BC942}") = "3DVisionDirectUnity", "3DVisionDirectUnity\3DVisionDirectUnity.vcxproj", "{B8B8A789-5B2C-4B5F-A217-1D53EE9A4EA0}"
EndProject
Global
	GlobalSection(SolutionConfigurationPlatforms) = preSolution
		Debug|Any CPU = Debug|Any CPU
		Debug|x64 = Debug|x64
		Debug|x86 = Debug|x86
		Release|Any CPU = Release|Any CPU
		Release|x64 = Release|x64
		Release|x86 = Release|x86
	EndGlobalSection
	GlobalSection(ProjectConfigurationPlatforms) = postSolution
		{D63D720D-7350-4A5C-8C2E-527754017232}.Debug|Any CPU.ActiveCfg = Debug|Any CPU
		{D63D720D-7350-4A5C-8C2E-527754017232}.Debug|Any CPU.Build.0 = Debug|Any CPU
		{D63D720D-7350-4A5C-8C2E-527754017232}.Debug|x64.ActiveCfg = Debug|Any CPU
		{D63D720D-7350-4A5C-8C2E-527754017232}.Debug|x64.Build.0 = Debug|Any CPU
		{D63D720D-7350-4A5C-8C2E-527754017232}.Debug|x86.ActiveCfg = Debug|Any CPU
		{D63D720D-7350-4A5C-8C2E-527754017232}.Debug|x86.Build.0 = Debug|Any CPU
		{D63D720D-7350-4A5C-8C2E-527754017232}.Release|Any CPU.ActiveCfg = Release|Any CPU
		{D63D720D-7350-4A5C-8C2E-527754017232}.Release|Any CPU.Build.0 = Release|Any CPU
		{D63D720D-7350-4A5C-8C2E-527754017232}.Release|x64.ActiveCfg = Release|Any CPU
		{D63D720D-7350-4A5C-8C2E-527754017232}.Release|x64.Build.0 = Release|Any CPU
		{D63D720D-7350-4A5C-8C2E-527754017232}.Release|x86.ActiveCfg = Release|Any CPU
		{D63D720D-7350-4A5C-8C2E-527754017232}.Release|x86.Build.0 = Release|Any CPU
		{B8B8A789-5B2C-4B5F-A217-1D53EE9A4EA0}.Debug|Any CPU.ActiveCfg = Debug|Win32
		{B8B8A789-5B2C-4B5F-A217-1D53EE9A4EA0}.Debug|x64.ActiveCfg = Debug|x64
		{B8B8A789-5B2C-4B5F-A217-1D53EE9A4EA0}.Debug|x64.Build.0 = Debug|x64
		{B8B8A789-5B2C-4B5F-A217-1D53EE9A4EA0}.Debug|x86.ActiveCfg = Debug|Win32
		{B8B8A789-5B2C-4B5F-A217-1D53EE9A4EA0}.Debug|x86.Build.0 = Debug|Win32
		{B8B8A789-5B2C-4B5F-A217-1D53EE9A4EA0}.Release|Any CPU.ActiveCfg = Release|Win32
		{B8B8A789-5B2C-4B5F-A217-1D53EE9A4EA0}.Release|x64.ActiveCfg = Release|x64
		{B8B8A789-5B2C-4B5F-A217-1D53EE9A4EA0}.Release|x64.Build.0 = Release|x64
		{B8B8A789-5B2C-4B5F-A217-1D53EE9A4EA0}.Release|x86.ActiveCfg = Release|Win32
		{B8B8A789-5B2C-4B5F-A217-1D53EE9A4EA0}.Release|x86.Build.0 = Release|Win32
	EndGlobalSection
	GlobalSection(SolutionProperties) = preSolution
		HideSolutionNode = FALSE
	EndGlobalSection
EndGlobal
